
Microsoft Visual Studio Solution File, Format Version 12.00
# Visual Studio Version 17
VisualStudioVersion = 17.8.34511.84
MinimumVisualStudioVersion = 10.0.40219.1
Project("{FAE04EC0-301F-11D3-BF4B-00C04F79EFBC}") = "CalorieTrackerApp", "CalorieTrackerApp.csproj", "{BA51611C-7BDC-4D2B-9AE0-72D66D6CD2F2}"
EndProject
Global
	GlobalSection(SolutionConfigurationPlatforms) = preSolution
		Debug|Any CPU = Debug|Any CPU
		Release|Any CPU = Release|Any CPU
	EndGlobalSection
	GlobalSection(ProjectConfigurationPlatforms) = postSolution
		{BA51611C-7BDC-4D2B-9AE0-72D66D6CD2F2}.Debug|Any CPU.ActiveCfg = Debug|Any CPU
		{BA51611C-7BDC-4D2B-9AE0-72D66D6CD2F2}.Debug|Any CPU.Build.0 = Debug|Any CPU
		{BA51611C-7BDC-4D2B-9AE0-72D66D6CD2F2}.Release|Any CPU.ActiveCfg = Release|Any CPU
		{BA51611C-7BDC-4D2B-9AE0-72D66D6CD2F2}.Release|Any CPU.Build.0 = Release|Any CPU
	EndGlobalSection
	GlobalSection(SolutionProperties) = preSolution
		HideSolutionNode = FALSE
	EndGlobalSection
	GlobalSection(ExtensibilityGlobals) = postSolution
		SolutionGuid = {BF786F43-DA6F-43C1-9D69-52219316180E}
	EndGlobalSection
EndGlobal
